// !$*UTF8*$!
{
	archiveVersion = 1;
	classes = {
	};
	objectVersion = 46;
	objects = {

/* Begin PBXBuildFile section */
		00D155511B79ECDC00BF2836 /* main.m in Sources */ = {isa = PBXBuildFile; fileRef = 00D155501B79ECDC00BF2836 /* main.m */; };
		00D155541B79ECDC00BF2836 /* AppDelegate.m in Sources */ = {isa = PBXBuildFile; fileRef = 00D155531B79ECDC00BF2836 /* AppDelegate.m */; };
		00D155571B79ECDC00BF2836 /* ViewController.m in Sources */ = {isa = PBXBuildFile; fileRef = 00D155561B79ECDC00BF2836 /* ViewController.m */; };
		00D1555A1B79ECDC00BF2836 /* Main.storyboard in Resources */ = {isa = PBXBuildFile; fileRef = 00D155581B79ECDC00BF2836 /* Main.storyboard */; };
		00D1555C1B79ECDC00BF2836 /* Images.xcassets in Resources */ = {isa = PBXBuildFile; fileRef = 00D1555B1B79ECDC00BF2836 /* Images.xcassets */; };
		00D1555F1B79ECDC00BF2836 /* LaunchScreen.xib in Resources */ = {isa = PBXBuildFile; fileRef = 00D1555D1B79ECDC00BF2836 /* LaunchScreen.xib */; };
		00D1556B1B79ECDC00BF2836 /* TestForYalantisTests.m in Sources */ = {isa = PBXBuildFile; fileRef = 00D1556A1B79ECDC00BF2836 /* TestForYalantisTests.m */; };
		00D155761B79EE6700BF2836 /* Flowers.m in Sources */ = {isa = PBXBuildFile; fileRef = 00D155751B79EE6700BF2836 /* Flowers.m */; };
		00D155791B79F16700BF2836 /* FlowersDataController.m in Sources */ = {isa = PBXBuildFile; fileRef = 00D155781B79F16700BF2836 /* FlowersDataController.m */; };
		00D155831B79F46E00BF2836 /* test1.jpg in Resources */ = {isa = PBXBuildFile; fileRef = 00D1557A1B79F46E00BF2836 /* test1.jpg */; };
		00D155841B79F46E00BF2836 /* test2.jpg in Resources */ = {isa = PBXBuildFile; fileRef = 00D1557B1B79F46E00BF2836 /* test2.jpg */; };
		00D155851B79F46E00BF2836 /* test3.jpg in Resources */ = {isa = PBXBuildFile; fileRef = 00D1557C1B79F46E00BF2836 /* test3.jpg */; };
		00D155861B79F46E00BF2836 /* test4.jpg in Resources */ = {isa = PBXBuildFile; fileRef = 00D1557D1B79F46E00BF2836 /* test4.jpg */; };
		00D155871B79F46E00BF2836 /* test5.jpg in Resources */ = {isa = PBXBuildFile; fileRef = 00D1557E1B79F46E00BF2836 /* test5.jpg */; };
		00D155881B79F46E00BF2836 /* test6.jpg in Resources */ = {isa = PBXBuildFile; fileRef = 00D1557F1B79F46E00BF2836 /* test6.jpg */; };
		00D155891B79F46E00BF2836 /* test7.jpg in Resources */ = {isa = PBXBuildFile; fileRef = 00D155801B79F46E00BF2836 /* test7.jpg */; };
		00D1558A1B79F46E00BF2836 /* test8.jpg in Resources */ = {isa = PBXBuildFile; fileRef = 00D155811B79F46E00BF2836 /* test8.jpg */; };
		00D1558B1B79F46E00BF2836 /* test9.jpg in Resources */ = {isa = PBXBuildFile; fileRef = 00D155821B79F46E00BF2836 /* test9.jpg */; };
		00D155901B7A0ED600BF2836 /* FlowersTableViewCell.m in Sources */ = {isa = PBXBuildFile; fileRef = 00D1558F1B7A0ED600BF2836 /* FlowersTableViewCell.m */; };
		00D155921B7A111B00BF2836 /* test10.jpg in Resources */ = {isa = PBXBuildFile; fileRef = 00D155911B7A111B00BF2836 /* test10.jpg */; };
/* End PBXBuildFile section */

/* Begin PBXContainerItemProxy section */
		00D155651B79ECDC00BF2836 /* PBXContainerItemProxy */ = {
			isa = PBXContainerItemProxy;
			containerPortal = 00D155431B79ECDC00BF2836 /* Project object */;
			proxyType = 1;
			remoteGlobalIDString = 00D1554A1B79ECDC00BF2836;
			remoteInfo = TestForYalantis;
		};
/* End PBXContainerItemProxy section */

/* Begin PBXFileReference section */
		00D1554B1B79ECDC00BF2836 /* TestForYalantis.app */ = {isa = PBXFileReference; explicitFileType = wrapper.application; includeInIndex = 0; path = TestForYalantis.app; sourceTree = BUILT_PRODUCTS_DIR; };
		00D1554F1B79ECDC00BF2836 /* Info.plist */ = {isa = PBXFileReference; lastKnownFileType = text.plist.xml; path = Info.plist; sourceTree = "<group>"; };
		00D155501B79ECDC00BF2836 /* main.m */ = {isa = PBXFileReference; lastKnownFileType = sourcecode.c.objc; path = main.m; sourceTree = "<group>"; };
		00D155521B79ECDC00BF2836 /* AppDelegate.h */ = {isa = PBXFileReference; lastKnownFileType = sourcecode.c.h; path = AppDelegate.h; sourceTree = "<group>"; };
		00D155531B79ECDC00BF2836 /* AppDelegate.m */ = {isa = PBXFileReference; lastKnownFileType = sourcecode.c.objc; path = AppDelegate.m; sourceTree = "<group>"; };
		00D155551B79ECDC00BF2836 /* ViewController.h */ = {isa = PBXFileReference; lastKnownFileType = sourcecode.c.h; path = ViewController.h; sourceTree = "<group>"; };
		00D155561B79ECDC00BF2836 /* ViewController.m */ = {isa = PBXFileReference; lastKnownFileType = sourcecode.c.objc; path = ViewController.m; sourceTree = "<group>"; };
		00D155591B79ECDC00BF2836 /* Base */ = {isa = PBXFileReference; lastKnownFileType = file.storyboard; name = Base; path = Base.lproj/Main.storyboard; sourceTree = "<group>"; };
		00D1555B1B79ECDC00BF2836 /* Images.xcassets */ = {isa = PBXFileReference; lastKnownFileType = folder.assetcatalog; path = Images.xcassets; sourceTree = "<group>"; };
		00D1555E1B79ECDC00BF2836 /* Base */ = {isa = PBXFileReference; lastKnownFileType = file.xib; name = Base; path = Base.lproj/LaunchScreen.xib; sourceTree = "<group>"; };
		00D155641B79ECDC00BF2836 /* TestForYalantisTests.xctest */ = {isa = PBXFileReference; explicitFileType = wrapper.cfbundle; includeInIndex = 0; path = TestForYalantisTests.xctest; sourceTree = BUILT_PRODUCTS_DIR; };
		00D155691B79ECDC00BF2836 /* Info.plist */ = {isa = PBXFileReference; lastKnownFileType = text.plist.xml; path = Info.plist; sourceTree = "<group>"; };
		00D1556A1B79ECDC00BF2836 /* TestForYalantisTests.m */ = {isa = PBXFileReference; lastKnownFileType = sourcecode.c.objc; path = TestForYalantisTests.m; sourceTree = "<group>"; };
		00D155741B79EE6700BF2836 /* Flowers.h */ = {isa = PBXFileReference; fileEncoding = 4; lastKnownFileType = sourcecode.c.h; path = Flowers.h; sourceTree = "<group>"; };
		00D155751B79EE6700BF2836 /* Flowers.m */ = {isa = PBXFileReference; fileEncoding = 4; lastKnownFileType = sourcecode.c.objc; path = Flowers.m; sourceTree = "<group>"; };
		00D155771B79F16700BF2836 /* FlowersDataController.h */ = {isa = PBXFileReference; fileEncoding = 4; lastKnownFileType = sourcecode.c.h; path = FlowersDataController.h; sourceTree = "<group>"; };
		00D155781B79F16700BF2836 /* FlowersDataController.m */ = {isa = PBXFileReference; fileEncoding = 4; lastKnownFileType = sourcecode.c.objc; path = FlowersDataController.m; sourceTree = "<group>"; };
		00D1557A1B79F46E00BF2836 /* test1.jpg */ = {isa = PBXFileReference; lastKnownFileType = image.jpeg; name = test1.jpg; path = "../../../for test/test1.jpg"; sourceTree = "<group>"; };
		00D1557B1B79F46E00BF2836 /* test2.jpg */ = {isa = PBXFileReference; lastKnownFileType = image.jpeg; name = test2.jpg; path = "../../../for test/test2.jpg"; sourceTree = "<group>"; };
		00D1557C1B79F46E00BF2836 /* test3.jpg */ = {isa = PBXFileReference; lastKnownFileType = image.jpeg; name = test3.jpg; path = "../../../for test/test3.jpg"; sourceTree = "<group>"; };
		00D1557D1B79F46E00BF2836 /* test4.jpg */ = {isa = PBXFileReference; lastKnownFileType = image.jpeg; name = test4.jpg; path = "../../../for test/test4.jpg"; sourceTree = "<group>"; };
		00D1557E1B79F46E00BF2836 /* test5.jpg */ = {isa = PBXFileReference; lastKnownFileType = image.jpeg; name = test5.jpg; path = "../../../for test/test5.jpg"; sourceTree = "<group>"; };
		00D1557F1B79F46E00BF2836 /* test6.jpg */ = {isa = PBXFileReference; lastKnownFileType = image.jpeg; name = test6.jpg; path = "../../../for test/test6.jpg"; sourceTree = "<group>"; };
		00D155801B79F46E00BF2836 /* test7.jpg */ = {isa = PBXFileReference; lastKnownFileType = image.jpeg; name = test7.jpg; path = "../../../for test/test7.jpg"; sourceTree = "<group>"; };
		00D155811B79F46E00BF2836 /* test8.jpg */ = {isa = PBXFileReference; lastKnownFileType = image.jpeg; name = test8.jpg; path = "../../../for test/test8.jpg"; sourceTree = "<group>"; };
		00D155821B79F46E00BF2836 /* test9.jpg */ = {isa = PBXFileReference; lastKnownFileType = image.jpeg; name = test9.jpg; path = "../../../for test/test9.jpg"; sourceTree = "<group>"; };
		00D1558E1B7A0ED600BF2836 /* FlowersTableViewCell.h */ = {isa = PBXFileReference; fileEncoding = 4; lastKnownFileType = sourcecode.c.h; path = FlowersTableViewCell.h; sourceTree = "<group>"; };
		00D1558F1B7A0ED600BF2836 /* FlowersTableViewCell.m */ = {isa = PBXFileReference; fileEncoding = 4; lastKnownFileType = sourcecode.c.objc; path = FlowersTableViewCell.m; sourceTree = "<group>"; };
		00D155911B7A111B00BF2836 /* test10.jpg */ = {isa = PBXFileReference; lastKnownFileType = image.jpeg; name = test10.jpg; path = "../../../for test/test10.jpg"; sourceTree = "<group>"; };
/* End PBXFileReference section */

/* Begin PBXFrameworksBuildPhase section */
		00D155481B79ECDC00BF2836 /* Frameworks */ = {
			isa = PBXFrameworksBuildPhase;
			buildActionMask = 2147483647;
			files = (
			);
			runOnlyForDeploymentPostprocessing = 0;
		};
		00D155611B79ECDC00BF2836 /* Frameworks */ = {
			isa = PBXFrameworksBuildPhase;
			buildActionMask = 2147483647;
			files = (
			);
			runOnlyForDeploymentPostprocessing = 0;
		};
/* End PBXFrameworksBuildPhase section */

/* Begin PBXGroup section */
		00D155421B79ECDC00BF2836 = {
			isa = PBXGroup;
			children = (
				00D1554D1B79ECDC00BF2836 /* TestForYalantis */,
				00D155671B79ECDC00BF2836 /* TestForYalantisTests */,
				00D1554C1B79ECDC00BF2836 /* Products */,
			);
			sourceTree = "<group>";
		};
		00D1554C1B79ECDC00BF2836 /* Products */ = {
			isa = PBXGroup;
			children = (
				00D1554B1B79ECDC00BF2836 /* TestForYalantis.app */,
				00D155641B79ECDC00BF2836 /* TestForYalantisTests.xctest */,
			);
			name = Products;
			sourceTree = "<group>";
		};
		00D1554D1B79ECDC00BF2836 /* TestForYalantis */ = {
			isa = PBXGroup;
			children = (
				00D155521B79ECDC00BF2836 /* AppDelegate.h */,
				00D155531B79ECDC00BF2836 /* AppDelegate.m */,
				00D155551B79ECDC00BF2836 /* ViewController.h */,
				00D155561B79ECDC00BF2836 /* ViewController.m */,
				00D1558E1B7A0ED600BF2836 /* FlowersTableViewCell.h */,
				00D1558F1B7A0ED600BF2836 /* FlowersTableViewCell.m */,
				00D155741B79EE6700BF2836 /* Flowers.h */,
				00D155751B79EE6700BF2836 /* Flowers.m */,
				00D155771B79F16700BF2836 /* FlowersDataController.h */,
				00D155781B79F16700BF2836 /* FlowersDataController.m */,
				00D155581B79ECDC00BF2836 /* Main.storyboard */,
				00D1555B1B79ECDC00BF2836 /* Images.xcassets */,
				00D1555D1B79ECDC00BF2836 /* LaunchScreen.xib */,
				00D1554E1B79ECDC00BF2836 /* Supporting Files */,
			);
			path = TestForYalantis;
			sourceTree = "<group>";
		};
		00D1554E1B79ECDC00BF2836 /* Supporting Files */ = {
			isa = PBXGroup;
			children = (
				00D1557A1B79F46E00BF2836 /* test1.jpg */,
				00D1557B1B79F46E00BF2836 /* test2.jpg */,
				00D1557C1B79F46E00BF2836 /* test3.jpg */,
				00D1557D1B79F46E00BF2836 /* test4.jpg */,
				00D1557E1B79F46E00BF2836 /* test5.jpg */,
				00D1557F1B79F46E00BF2836 /* test6.jpg */,
				00D155801B79F46E00BF2836 /* test7.jpg */,
				00D155811B79F46E00BF2836 /* test8.jpg */,
				00D155821B79F46E00BF2836 /* test9.jpg */,
				00D155911B7A111B00BF2836 /* test10.jpg */,
				00D1554F1B79ECDC00BF2836 /* Info.plist */,
				00D155501B79ECDC00BF2836 /* main.m */,
			);
			name = "Supporting Files";
			sourceTree = "<group>";
		};
		00D155671B79ECDC00BF2836 /* TestForYalantisTests */ = {
			isa = PBXGroup;
			children = (
				00D1556A1B79ECDC00BF2836 /* TestForYalantisTests.m */,
				00D155681B79ECDC00BF2836 /* Supporting Files */,
			);
			path = TestForYalantisTests;
			sourceTree = "<group>";
		};
		00D155681B79ECDC00BF2836 /* Supporting Files */ = {
			isa = PBXGroup;
			children = (
				00D155691B79ECDC00BF2836 /* Info.plist */,
			);
			name = "Supporting Files";
			sourceTree = "<group>";
		};
/* End PBXGroup section */

/* Begin PBXNativeTarget section */
		00D1554A1B79ECDC00BF2836 /* TestForYalantis */ = {
			isa = PBXNativeTarget;
			buildConfigurationList = 00D1556E1B79ECDC00BF2836 /* Build configuration list for PBXNativeTarget "TestForYalantis" */;
			buildPhases = (
				00D155471B79ECDC00BF2836 /* Sources */,
				00D155481B79ECDC00BF2836 /* Frameworks */,
				00D155491B79ECDC00BF2836 /* Resources */,
			);
			buildRules = (
			);
			dependencies = (
			);
			name = TestForYalantis;
			productName = TestForYalantis;
			productReference = 00D1554B1B79ECDC00BF2836 /* TestForYalantis.app */;
			productType = "com.apple.product-type.application";
		};
		00D155631B79ECDC00BF2836 /* TestForYalantisTests */ = {
			isa = PBXNativeTarget;
			buildConfigurationList = 00D155711B79ECDC00BF2836 /* Build configuration list for PBXNativeTarget "TestForYalantisTests" */;
			buildPhases = (
				00D155601B79ECDC00BF2836 /* Sources */,
				00D155611B79ECDC00BF2836 /* Frameworks */,
				00D155621B79ECDC00BF2836 /* Resources */,
			);
			buildRules = (
			);
			dependencies = (
				00D155661B79ECDC00BF2836 /* PBXTargetDependency */,
			);
			name = TestForYalantisTests;
			productName = TestForYalantisTests;
			productReference = 00D155641B79ECDC00BF2836 /* TestForYalantisTests.xctest */;
			productType = "com.apple.product-type.bundle.unit-test";
		};
/* End PBXNativeTarget section */

/* Begin PBXProject section */
		00D155431B79ECDC00BF2836 /* Project object */ = {
			isa = PBXProject;
			attributes = {
				LastUpgradeCheck = 0630;
				ORGANIZATIONNAME = Kristyna;
				TargetAttributes = {
					00D1554A1B79ECDC00BF2836 = {
						CreatedOnToolsVersion = 6.3.1;
					};
					00D155631B79ECDC00BF2836 = {
						CreatedOnToolsVersion = 6.3.1;
						TestTargetID = 00D1554A1B79ECDC00BF2836;
					};
				};
			};
			buildConfigurationList = 00D155461B79ECDC00BF2836 /* Build configuration list for PBXProject "TestForYalantis" */;
			compatibilityVersion = "Xcode 3.2";
			developmentRegion = English;
			hasScannedForEncodings = 0;
			knownRegions = (
				en,
				Base,
			);
			mainGroup = 00D155421B79ECDC00BF2836;
			productRefGroup = 00D1554C1B79ECDC00BF2836 /* Products */;
			projectDirPath = "";
			projectRoot = "";
			targets = (
				00D1554A1B79ECDC00BF2836 /* TestForYalantis */,
				00D155631B79ECDC00BF2836 /* TestForYalantisTests */,
			);
		};
/* End PBXProject section */

/* Begin PBXResourcesBuildPhase section */
		00D155491B79ECDC00BF2836 /* Resources */ = {
			isa = PBXResourcesBuildPhase;
			buildActionMask = 2147483647;
			files = (
				00D1555A1B79ECDC00BF2836 /* Main.storyboard in Resources */,
				00D155891B79F46E00BF2836 /* test7.jpg in Resources */,
				00D155841B79F46E00BF2836 /* test2.jpg in Resources */,
				00D155831B79F46E00BF2836 /* test1.jpg in Resources */,
				00D155921B7A111B00BF2836 /* test10.jpg in Resources */,
				00D155861B79F46E00BF2836 /* test4.jpg in Resources */,
				00D1558B1B79F46E00BF2836 /* test9.jpg in Resources */,
				00D1555F1B79ECDC00BF2836 /* LaunchScreen.xib in Resources */,
				00D155871B79F46E00BF2836 /* test5.jpg in Resources */,
				00D1555C1B79ECDC00BF2836 /* Images.xcassets in Resources */,
				00D1558A1B79F46E00BF2836 /* test8.jpg in Resources */,
				00D155851B79F46E00BF2836 /* test3.jpg in Resources */,
				00D155881B79F46E00BF2836 /* test6.jpg in Resources */,
			);
			runOnlyForDeploymentPostprocessing = 0;
		};
		00D155621B79ECDC00BF2836 /* Resources */ = {
			isa = PBXResourcesBuildPhase;
			buildActionMask = 2147483647;
			files = (
			);
			runOnlyForDeploymentPostprocessing = 0;
		};
/* End PBXResourcesBuildPhase section */

/* Begin PBXSourcesBuildPhase section */
		00D155471B79ECDC00BF2836 /* Sources */ = {
			isa = PBXSourcesBuildPhase;
			buildActionMask = 2147483647;
			files = (
				00D155571B79ECDC00BF2836 /* ViewController.m in Sources */,
				00D155541B79ECDC00BF2836 /* AppDelegate.m in Sources */,
				00D155901B7A0ED600BF2836 /* FlowersTableViewCell.m in Sources */,
				00D155791B79F16700BF2836 /* FlowersDataController.m in Sources */,
				00D155761B79EE6700BF2836 /* Flowers.m in Sources */,
				00D155511B79ECDC00BF2836 /* main.m in Sources */,
			);
			runOnlyForDeploymentPostprocessing = 0;
		};
		00D155601B79ECDC00BF2836 /* Sources */ = {
			isa = PBXSourcesBuildPhase;
			buildActionMask = 2147483647;
			files = (
				00D1556B1B79ECDC00BF2836 /* TestForYalantisTests.m in Sources */,
			);
			runOnlyForDeploymentPostprocessing = 0;
		};
/* End PBXSourcesBuildPhase section */

/* Begin PBXTargetDependency section */
		00D155661B79ECDC00BF2836 /* PBXTargetDependency */ = {
			isa = PBXTargetDependency;
			target = 00D1554A1B79ECDC00BF2836 /* TestForYalantis */;
			targetProxy = 00D155651B79ECDC00BF2836 /* PBXContainerItemProxy */;
		};
/* End PBXTargetDependency section */

/* Begin PBXVariantGroup section */
		00D155581B79ECDC00BF2836 /* Main.storyboard */ = {
			isa = PBXVariantGroup;
			children = (
				00D155591B79ECDC00BF2836 /* Base */,
			);
			name = Main.storyboard;
			sourceTree = "<group>";
		};
		00D1555D1B79ECDC00BF2836 /* LaunchScreen.xib */ = {
			isa = PBXVariantGroup;
			children = (
				00D1555E1B79ECDC00BF2836 /* Base */,
			);
			name = LaunchScreen.xib;
			sourceTree = "<group>";
		};
/* End PBXVariantGroup section */

/* Begin XCBuildConfiguration section */
		00D1556C1B79ECDC00BF2836 /* Debug */ = {
			isa = XCBuildConfiguration;
			buildSettings = {
				ALWAYS_SEARCH_USER_PATHS = NO;
				CLANG_CXX_LANGUAGE_STANDARD = "gnu++0x";
				CLANG_CXX_LIBRARY = "libc++";
				CLANG_ENABLE_MODULES = YES;
				CLANG_ENABLE_OBJC_ARC = YES;
				CLANG_WARN_BOOL_CONVERSION = YES;
				CLANG_WARN_CONSTANT_CONVERSION = YES;
				CLANG_WARN_DIRECT_OBJC_ISA_USAGE = YES_ERROR;
				CLANG_WARN_EMPTY_BODY = YES;
				CLANG_WARN_ENUM_CONVERSION = YES;
				CLANG_WARN_INT_CONVERSION = YES;
				CLANG_WARN_OBJC_ROOT_CLASS = YES_ERROR;
				CLANG_WARN_UNREACHABLE_CODE = YES;
				CLANG_WARN__DUPLICATE_METHOD_MATCH = YES;
				"CODE_SIGN_IDENTITY[sdk=iphoneos*]" = "iPhone Developer";
				COPY_PHASE_STRIP = NO;
				DEBUG_INFORMATION_FORMAT = "dwarf-with-dsym";
				ENABLE_STRICT_OBJC_MSGSEND = YES;
				GCC_C_LANGUAGE_STANDARD = gnu99;
				GCC_DYNAMIC_NO_PIC = NO;
				GCC_NO_COMMON_BLOCKS = YES;
				GCC_OPTIMIZATION_LEVEL = 0;
				GCC_PREPROCESSOR_DEFINITIONS = (
					"DEBUG=1",
					"$(inherited)",
				);
				GCC_SYMBOLS_PRIVATE_EXTERN = NO;
				GCC_WARN_64_TO_32_BIT_CONVERSION = YES;
				GCC_WARN_ABOUT_RETURN_TYPE = YES_ERROR;
				GCC_WARN_UNDECLARED_SELECTOR = YES;
				GCC_WARN_UNINITIALIZED_AUTOS = YES_AGGRESSIVE;
				GCC_WARN_UNUSED_FUNCTION = YES;
				GCC_WARN_UNUSED_VARIABLE = YES;
				IPHONEOS_DEPLOYMENT_TARGET = 8.3;
				MTL_ENABLE_DEBUG_INFO = YES;
				ONLY_ACTIVE_ARCH = YES;
				SDKROOT = iphoneos;
			};
			name = Debug;
		};
		00D1556D1B79ECDC00BF2836 /* Release */ = {
			isa = XCBuildConfiguration;
			buildSettings = {
				ALWAYS_SEARCH_USER_PATHS = NO;
				CLANG_CXX_LANGUAGE_STANDARD = "gnu++0x";
				CLANG_CXX_LIBRARY = "libc++";
				CLANG_ENABLE_MODULES = YES;
				CLANG_ENABLE_OBJC_ARC = YES;
				CLANG_WARN_BOOL_CONVERSION = YES;
				CLANG_WARN_CONSTANT_CONVERSION = YES;
				CLANG_WARN_DIRECT_OBJC_ISA_USAGE = YES_ERROR;
				CLANG_WARN_EMPTY_BODY = YES;
				CLANG_WARN_ENUM_CONVERSION = YES;
				CLANG_WARN_INT_CONVERSION = YES;
				CLANG_WARN_OBJC_ROOT_CLASS = YES_ERROR;
				CLANG_WARN_UNREACHABLE_CODE = YES;
				CLANG_WARN__DUPLICATE_METHOD_MATCH = YES;
				"CODE_SIGN_IDENTITY[sdk=iphoneos*]" = "iPhone Developer";
				COPY_PHASE_STRIP = NO;
				DEBUG_INFORMATION_FORMAT = "dwarf-with-dsym";
				ENABLE_NS_ASSERTIONS = NO;
				ENABLE_STRICT_OBJC_MSGSEND = YES;
				GCC_C_LANGUAGE_STANDARD = gnu99;
				GCC_NO_COMMON_BLOCKS = YES;
				GCC_WARN_64_TO_32_BIT_CONVERSION = YES;
				GCC_WARN_ABOUT_RETURN_TYPE = YES_ERROR;
				GCC_WARN_UNDECLARED_SELECTOR = YES;
				GCC_WARN_UNINITIALIZED_AUTOS = YES_AGGRESSIVE;
				GCC_WARN_UNUSED_FUNCTION = YES;
				GCC_WARN_UNUSED_VARIABLE = YES;
				IPHONEOS_DEPLOYMENT_TARGET = 8.3;
				MTL_ENABLE_DEBUG_INFO = NO;
				SDKROOT = iphoneos;
				VALIDATE_PRODUCT = YES;
			};
			name = Release;
		};
		00D1556F1B79ECDC00BF2836 /* Debug */ = {
			isa = XCBuildConfiguration;
			buildSettings = {
				ASSETCATALOG_COMPILER_APPICON_NAME = AppIcon;
				INFOPLIST_FILE = TestForYalantis/Info.plist;
				LD_RUNPATH_SEARCH_PATHS = "$(inherited) @executable_path/Frameworks";
				PRODUCT_NAME = "$(TARGET_NAME)";
			};
			name = Debug;
		};
		00D155701B79ECDC00BF2836 /* Release */ = {
			isa = XCBuildConfiguration;
			buildSettings = {
				ASSETCATALOG_COMPILER_APPICON_NAME = AppIcon;
				INFOPLIST_FILE = TestForYalantis/Info.plist;
				LD_RUNPATH_SEARCH_PATHS = "$(inherited) @executable_path/Frameworks";
				PRODUCT_NAME = "$(TARGET_NAME)";
			};
			name = Release;
		};
		00D155721B79ECDC00BF2836 /* Debug */ = {
			isa = XCBuildConfiguration;
			buildSettings = {
				BUNDLE_LOADER = "$(TEST_HOST)";
				FRAMEWORK_SEARCH_PATHS = (
					"$(SDKROOT)/Developer/Library/Frameworks",
					"$(inherited)",
				);
				GCC_PREPROCESSOR_DEFINITIONS = (
					"DEBUG=1",
					"$(inherited)",
				);
				INFOPLIST_FILE = TestForYalantisTests/Info.plist;
				LD_RUNPATH_SEARCH_PATHS = "$(inherited) @executable_path/Frameworks @loader_path/Frameworks";
				PRODUCT_NAME = "$(TARGET_NAME)";
				TEST_HOST = "$(BUILT_PRODUCTS_DIR)/TestForYalantis.app/TestForYalantis";
			};
			name = Debug;
		};
		00D155731B79ECDC00BF2836 /* Release */ = {
			isa = XCBuildConfiguration;
			buildSettings = {
				BUNDLE_LOADER = "$(TEST_HOST)";
				FRAMEWORK_SEARCH_PATHS = (
					"$(SDKROOT)/Developer/Library/Frameworks",
					"$(inherited)",
				);
				INFOPLIST_FILE = TestForYalantisTests/Info.plist;
				LD_RUNPATH_SEARCH_PATHS = "$(inherited) @executable_path/Frameworks @loader_path/Frameworks";
				PRODUCT_NAME = "$(TARGET_NAME)";
				TEST_HOST = "$(BUILT_PRODUCTS_DIR)/TestForYalantis.app/TestForYalantis";
			};
			name = Release;
		};
/* End XCBuildConfiguration section */

/* Begin XCConfigurationList section */
		00D155461B79ECDC00BF2836 /* Build configuration list for PBXProject "TestForYalantis" */ = {
			isa = XCConfigurationList;
			buildConfigurations = (
				00D1556C1B79ECDC00BF2836 /* Debug */,
				00D1556D1B79ECDC00BF2836 /* Release */,
			);
			defaultConfigurationIsVisible = 0;
			defaultConfigurationName = Release;
		};
		00D1556E1B79ECDC00BF2836 /* Build configuration list for PBXNativeTarget "TestForYalantis" */ = {
			isa = XCConfigurationList;
			buildConfigurations = (
				00D1556F1B79ECDC00BF2836 /* Debug */,
				00D155701B79ECDC00BF2836 /* Release */,
			);
			defaultConfigurationIsVisible = 0;
			defaultConfigurationName = Release;
		};
		00D155711B79ECDC00BF2836 /* Build configuration list for PBXNativeTarget "TestForYalantisTests" */ = {
			isa = XCConfigurationList;
			buildConfigurations = (
				00D155721B79ECDC00BF2836 /* Debug */,
				00D155731B79ECDC00BF2836 /* Release */,
			);
			defaultConfigurationIsVisible = 0;
			defaultConfigurationName = Release;
		};
/* End XCConfigurationList section */
	};
	rootObject = 00D155431B79ECDC00BF2836 /* Project object */;
}
